
Microsoft Visual Studio Solution File, Format Version 12.00
# Visual Studio Version 16
VisualStudioVersion = 16.0.30011.22
MinimumVisualStudioVersion = 10.0.40219.1
Project("{FAE04EC0-301F-11D3-BF4B-00C04F79EFBC}") = "Okta.Blog.Chat", "Okta.Blog.Chat\Okta.Blog.Chat.csproj", "{FA320ABA-A5F8-4AE4-852A-F2AA826C6B68}"
EndProject
Global
	GlobalSection(SolutionConfigurationPlatforms) = preSolution
		Debug|Any CPU = Debug|Any CPU
		Release|Any CPU = Release|Any CPU
	EndGlobalSection
	GlobalSection(ProjectConfigurationPlatforms) = postSolution
		{FA320ABA-A5F8-4AE4-852A-F2AA826C6B68}.Debug|Any CPU.ActiveCfg = Debug|Any CPU
		{FA320ABA-A5F8-4AE4-852A-F2AA826C6B68}.Debug|Any CPU.Build.0 = Debug|Any CPU
		{FA320ABA-A5F8-4AE4-852A-F2AA826C6B68}.Release|Any CPU.ActiveCfg = Release|Any CPU
		{FA320ABA-A5F8-4AE4-852A-F2AA826C6B68}.Release|Any CPU.Build.0 = Release|Any CPU
	EndGlobalSection
	GlobalSection(SolutionProperties) = preSolution
		HideSolutionNode = FALSE
	EndGlobalSection
	GlobalSection(ExtensibilityGlobals) = postSolution
		SolutionGuid = {4715EE52-13C2-4A5F-866A-30D88B96825F}
	EndGlobalSection
EndGlobal
